// !$*UTF8*$!
{
	archiveVersion = 1;
	classes = {
	};
	objectVersion = 56;
	objects = {

/* Begin PBXBuildFile section */
		F203CB9E2990D6200097AF64 /* NetworkModels.swift in Sources */ = {isa = PBXBuildFile; fileRef = F203CB9D2990D6200097AF64 /* NetworkModels.swift */; };
		F203CBA02990DB8B0097AF64 /* ProfileForm.swift in Sources */ = {isa = PBXBuildFile; fileRef = F203CB9F2990DB8B0097AF64 /* ProfileForm.swift */; };
		F24648F029901FE70075C14F /* JobBoardApp.swift in Sources */ = {isa = PBXBuildFile; fileRef = F24648EF29901FE70075C14F /* JobBoardApp.swift */; };
		F24648F429901FE90075C14F /* Assets.xcassets in Resources */ = {isa = PBXBuildFile; fileRef = F24648F329901FE90075C14F /* Assets.xcassets */; };
		F24648F729901FE90075C14F /* Preview Assets.xcassets in Resources */ = {isa = PBXBuildFile; fileRef = F24648F629901FE90075C14F /* Preview Assets.xcassets */; };
		F24648FF299020130075C14F /* NetworkService.swift in Sources */ = {isa = PBXBuildFile; fileRef = F24648FE299020130075C14F /* NetworkService.swift */; };
		F24649042990204F0075C14F /* ProfileView.swift in Sources */ = {isa = PBXBuildFile; fileRef = F24649032990204F0075C14F /* ProfileView.swift */; };
		F24649062990205B0075C14F /* LoginView.swift in Sources */ = {isa = PBXBuildFile; fileRef = F24649052990205B0075C14F /* LoginView.swift */; };
		F2464908299020650075C14F /* RegisterView.swift in Sources */ = {isa = PBXBuildFile; fileRef = F2464907299020650075C14F /* RegisterView.swift */; };
		F246490A299020730075C14F /* Job.swift in Sources */ = {isa = PBXBuildFile; fileRef = F2464909299020730075C14F /* Job.swift */; };
		F246490C2990207D0075C14F /* Company.swift in Sources */ = {isa = PBXBuildFile; fileRef = F246490B2990207D0075C14F /* Company.swift */; };
		F246490E299020890075C14F /* User.swift in Sources */ = {isa = PBXBuildFile; fileRef = F246490D299020890075C14F /* User.swift */; };
		F24649102990209F0075C14F /* AuthPersistor.swift in Sources */ = {isa = PBXBuildFile; fileRef = F246490F2990209F0075C14F /* AuthPersistor.swift */; };
		F2464912299022100075C14F /* MessageView.swift in Sources */ = {isa = PBXBuildFile; fileRef = F2464911299022100075C14F /* MessageView.swift */; };
		F24649142990221B0075C14F /* HomeView.swift in Sources */ = {isa = PBXBuildFile; fileRef = F24649132990221B0075C14F /* HomeView.swift */; };
		F2464916299024200075C14F /* JobApplication.swift in Sources */ = {isa = PBXBuildFile; fileRef = F2464915299024200075C14F /* JobApplication.swift */; };
		F2464919299024E00075C14F /* SocketIO in Frameworks */ = {isa = PBXBuildFile; productRef = F2464918299024E00075C14F /* SocketIO */; };
		F246491B299025630075C14F /* Message.swift in Sources */ = {isa = PBXBuildFile; fileRef = F246491A299025630075C14F /* Message.swift */; };
		F246491E299025920075C14F /* ApplicationView.swift in Sources */ = {isa = PBXBuildFile; fileRef = F246491D299025920075C14F /* ApplicationView.swift */; };
		F2464920299025AC0075C14F /* JobForm.swift in Sources */ = {isa = PBXBuildFile; fileRef = F246491F299025AC0075C14F /* JobForm.swift */; };
		F2464922299025B80075C14F /* ApplicationDetails.swift in Sources */ = {isa = PBXBuildFile; fileRef = F2464921299025B80075C14F /* ApplicationDetails.swift */; };
		F2464926299026340075C14F /* CompanyProfileView.swift in Sources */ = {isa = PBXBuildFile; fileRef = F2464925299026340075C14F /* CompanyProfileView.swift */; };
		F24649282990264F0075C14F /* ApplicantView.swift in Sources */ = {isa = PBXBuildFile; fileRef = F24649272990264F0075C14F /* ApplicantView.swift */; };
		F246492A299026770075C14F /* AdvertiserProfileView.swift in Sources */ = {isa = PBXBuildFile; fileRef = F2464929299026770075C14F /* AdvertiserProfileView.swift */; };
		F271343529917B3C00D8633F /* ContentView.swift in Sources */ = {isa = PBXBuildFile; fileRef = F271343429917B3C00D8633F /* ContentView.swift */; };
		F271343729917CE400D8633F /* JobCard.swift in Sources */ = {isa = PBXBuildFile; fileRef = F271343629917CE400D8633F /* JobCard.swift */; };
		F271343929917EBD00D8633F /* DetailView.swift in Sources */ = {isa = PBXBuildFile; fileRef = F271343829917EBD00D8633F /* DetailView.swift */; };
		F271343B29922AFE00D8633F /* AcademicForm.swift in Sources */ = {isa = PBXBuildFile; fileRef = F271343A29922AFE00D8633F /* AcademicForm.swift */; };
		F27BFB8D29936C29009A55DF /* CompanyForm.swift in Sources */ = {isa = PBXBuildFile; fileRef = F27BFB8C29936C29009A55DF /* CompanyForm.swift */; };
		F2D2169C299112A5002A95F5 /* SocketService.swift in Sources */ = {isa = PBXBuildFile; fileRef = F2D2169B299112A5002A95F5 /* SocketService.swift */; };
/* End PBXBuildFile section */

/* Begin PBXFileReference section */
		F203CB9D2990D6200097AF64 /* NetworkModels.swift */ = {isa = PBXFileReference; lastKnownFileType = sourcecode.swift; path = NetworkModels.swift; sourceTree = "<group>"; };
		F203CB9F2990DB8B0097AF64 /* ProfileForm.swift */ = {isa = PBXFileReference; lastKnownFileType = sourcecode.swift; path = ProfileForm.swift; sourceTree = "<group>"; };
		F24648EC29901FE70075C14F /* JobBoard.app */ = {isa = PBXFileReference; explicitFileType = wrapper.application; includeInIndex = 0; path = JobBoard.app; sourceTree = BUILT_PRODUCTS_DIR; };
		F24648EF29901FE70075C14F /* JobBoardApp.swift */ = {isa = PBXFileReference; lastKnownFileType = sourcecode.swift; path = JobBoardApp.swift; sourceTree = "<group>"; };
		F24648F329901FE90075C14F /* Assets.xcassets */ = {isa = PBXFileReference; lastKnownFileType = folder.assetcatalog; path = Assets.xcassets; sourceTree = "<group>"; };
		F24648F629901FE90075C14F /* Preview Assets.xcassets */ = {isa = PBXFileReference; lastKnownFileType = folder.assetcatalog; path = "Preview Assets.xcassets"; sourceTree = "<group>"; };
		F24648FE299020130075C14F /* NetworkService.swift */ = {isa = PBXFileReference; lastKnownFileType = sourcecode.swift; path = NetworkService.swift; sourceTree = "<group>"; };
		F24649032990204F0075C14F /* ProfileView.swift */ = {isa = PBXFileReference; lastKnownFileType = sourcecode.swift; path = ProfileView.swift; sourceTree = "<group>"; };
		F24649052990205B0075C14F /* LoginView.swift */ = {isa = PBXFileReference; lastKnownFileType = sourcecode.swift; path = LoginView.swift; sourceTree = "<group>"; };
		F2464907299020650075C14F /* RegisterView.swift */ = {isa = PBXFileReference; lastKnownFileType = sourcecode.swift; path = RegisterView.swift; sourceTree = "<group>"; };
		F2464909299020730075C14F /* Job.swift */ = {isa = PBXFileReference; lastKnownFileType = sourcecode.swift; path = Job.swift; sourceTree = "<group>"; };
		F246490B2990207D0075C14F /* Company.swift */ = {isa = PBXFileReference; lastKnownFileType = sourcecode.swift; path = Company.swift; sourceTree = "<group>"; };
		F246490D299020890075C14F /* User.swift */ = {isa = PBXFileReference; lastKnownFileType = sourcecode.swift; path = User.swift; sourceTree = "<group>"; };
		F246490F2990209F0075C14F /* AuthPersistor.swift */ = {isa = PBXFileReference; lastKnownFileType = sourcecode.swift; path = AuthPersistor.swift; sourceTree = "<group>"; };
		F2464911299022100075C14F /* MessageView.swift */ = {isa = PBXFileReference; lastKnownFileType = sourcecode.swift; path = MessageView.swift; sourceTree = "<group>"; };
		F24649132990221B0075C14F /* HomeView.swift */ = {isa = PBXFileReference; lastKnownFileType = sourcecode.swift; path = HomeView.swift; sourceTree = "<group>"; };
		F2464915299024200075C14F /* JobApplication.swift */ = {isa = PBXFileReference; lastKnownFileType = sourcecode.swift; path = JobApplication.swift; sourceTree = "<group>"; };
		F246491A299025630075C14F /* Message.swift */ = {isa = PBXFileReference; lastKnownFileType = sourcecode.swift; path = Message.swift; sourceTree = "<group>"; };
		F246491D299025920075C14F /* ApplicationView.swift */ = {isa = PBXFileReference; lastKnownFileType = sourcecode.swift; path = ApplicationView.swift; sourceTree = "<group>"; };
		F246491F299025AC0075C14F /* JobForm.swift */ = {isa = PBXFileReference; lastKnownFileType = sourcecode.swift; path = JobForm.swift; sourceTree = "<group>"; };
		F2464921299025B80075C14F /* ApplicationDetails.swift */ = {isa = PBXFileReference; lastKnownFileType = sourcecode.swift; path = ApplicationDetails.swift; sourceTree = "<group>"; };
		F2464925299026340075C14F /* CompanyProfileView.swift */ = {isa = PBXFileReference; lastKnownFileType = sourcecode.swift; path = CompanyProfileView.swift; sourceTree = "<group>"; };
		F24649272990264F0075C14F /* ApplicantView.swift */ = {isa = PBXFileReference; lastKnownFileType = sourcecode.swift; path = ApplicantView.swift; sourceTree = "<group>"; };
		F2464929299026770075C14F /* AdvertiserProfileView.swift */ = {isa = PBXFileReference; lastKnownFileType = sourcecode.swift; path = AdvertiserProfileView.swift; sourceTree = "<group>"; };
		F271343429917B3C00D8633F /* ContentView.swift */ = {isa = PBXFileReference; lastKnownFileType = sourcecode.swift; path = ContentView.swift; sourceTree = "<group>"; };
		F271343629917CE400D8633F /* JobCard.swift */ = {isa = PBXFileReference; lastKnownFileType = sourcecode.swift; path = JobCard.swift; sourceTree = "<group>"; };
		F271343829917EBD00D8633F /* DetailView.swift */ = {isa = PBXFileReference; lastKnownFileType = sourcecode.swift; path = DetailView.swift; sourceTree = "<group>"; };
		F271343A29922AFE00D8633F /* AcademicForm.swift */ = {isa = PBXFileReference; lastKnownFileType = sourcecode.swift; path = AcademicForm.swift; sourceTree = "<group>"; };
		F27BFB8C29936C29009A55DF /* CompanyForm.swift */ = {isa = PBXFileReference; lastKnownFileType = sourcecode.swift; path = CompanyForm.swift; sourceTree = "<group>"; };
		F2D2169B299112A5002A95F5 /* SocketService.swift */ = {isa = PBXFileReference; lastKnownFileType = sourcecode.swift; path = SocketService.swift; sourceTree = "<group>"; };
/* End PBXFileReference section */

/* Begin PBXFrameworksBuildPhase section */
		F24648E929901FE70075C14F /* Frameworks */ = {
			isa = PBXFrameworksBuildPhase;
			buildActionMask = 2147483647;
			files = (
				F2464919299024E00075C14F /* SocketIO in Frameworks */,
			);
			runOnlyForDeploymentPostprocessing = 0;
		};
/* End PBXFrameworksBuildPhase section */

/* Begin PBXGroup section */
		F24648E329901FE70075C14F = {
			isa = PBXGroup;
			children = (
				F24648EE29901FE70075C14F /* JobBoard */,
				F24648ED29901FE70075C14F /* Products */,
			);
			sourceTree = "<group>";
		};
		F24648ED29901FE70075C14F /* Products */ = {
			isa = PBXGroup;
			children = (
				F24648EC29901FE70075C14F /* JobBoard.app */,
			);
			name = Products;
			sourceTree = "<group>";
		};
		F24648EE29901FE70075C14F /* JobBoard */ = {
			isa = PBXGroup;
			children = (
				F2464901299020310075C14F /* Views */,
				F2464900299020230075C14F /* Models */,
				F24648FD29901FFC0075C14F /* Helpers */,
				F24648EF29901FE70075C14F /* JobBoardApp.swift */,
				F271343429917B3C00D8633F /* ContentView.swift */,
				F24648F329901FE90075C14F /* Assets.xcassets */,
				F24648F529901FE90075C14F /* Preview Content */,
			);
			path = JobBoard;
			sourceTree = "<group>";
		};
		F24648F529901FE90075C14F /* Preview Content */ = {
			isa = PBXGroup;
			children = (
				F24648F629901FE90075C14F /* Preview Assets.xcassets */,
			);
			path = "Preview Content";
			sourceTree = "<group>";
		};
		F24648FD29901FFC0075C14F /* Helpers */ = {
			isa = PBXGroup;
			children = (
				F24648FE299020130075C14F /* NetworkService.swift */,
				F246490F2990209F0075C14F /* AuthPersistor.swift */,
				F203CB9D2990D6200097AF64 /* NetworkModels.swift */,
				F2D2169B299112A5002A95F5 /* SocketService.swift */,
			);
			path = Helpers;
			sourceTree = "<group>";
		};
		F2464900299020230075C14F /* Models */ = {
			isa = PBXGroup;
			children = (
				F2464909299020730075C14F /* Job.swift */,
				F246490B2990207D0075C14F /* Company.swift */,
				F246490D299020890075C14F /* User.swift */,
				F2464915299024200075C14F /* JobApplication.swift */,
				F246491A299025630075C14F /* Message.swift */,
			);
			path = Models;
			sourceTree = "<group>";
		};
		F2464901299020310075C14F /* Views */ = {
			isa = PBXGroup;
			children = (
				F246491C299025720075C14F /* Company */,
				F24649022990203F0075C14F /* Auth */,
				F2464911299022100075C14F /* MessageView.swift */,
				F24649132990221B0075C14F /* HomeView.swift */,
				F2464929299026770075C14F /* AdvertiserProfileView.swift */,
				F271343629917CE400D8633F /* JobCard.swift */,
				F271343829917EBD00D8633F /* DetailView.swift */,
				F271343A29922AFE00D8633F /* AcademicForm.swift */,
			);
			path = Views;
			sourceTree = "<group>";
		};
		F24649022990203F0075C14F /* Auth */ = {
			isa = PBXGroup;
			children = (
				F24649032990204F0075C14F /* ProfileView.swift */,
				F24649052990205B0075C14F /* LoginView.swift */,
				F2464907299020650075C14F /* RegisterView.swift */,
				F203CB9F2990DB8B0097AF64 /* ProfileForm.swift */,
			);
			path = Auth;
			sourceTree = "<group>";
		};
		F246491C299025720075C14F /* Company */ = {
			isa = PBXGroup;
			children = (
				F246491D299025920075C14F /* ApplicationView.swift */,
				F246491F299025AC0075C14F /* JobForm.swift */,
				F2464921299025B80075C14F /* ApplicationDetails.swift */,
				F2464925299026340075C14F /* CompanyProfileView.swift */,
				F24649272990264F0075C14F /* ApplicantView.swift */,
				F27BFB8C29936C29009A55DF /* CompanyForm.swift */,
			);
			path = Company;
			sourceTree = "<group>";
		};
/* End PBXGroup section */

/* Begin PBXNativeTarget section */
		F24648EB29901FE70075C14F /* JobBoard */ = {
			isa = PBXNativeTarget;
			buildConfigurationList = F24648FA29901FE90075C14F /* Build configuration list for PBXNativeTarget "JobBoard" */;
			buildPhases = (
				F24648E829901FE70075C14F /* Sources */,
				F24648E929901FE70075C14F /* Frameworks */,
				F24648EA29901FE70075C14F /* Resources */,
			);
			buildRules = (
			);
			dependencies = (
			);
			name = JobBoard;
			packageProductDependencies = (
				F2464918299024E00075C14F /* SocketIO */,
			);
			productName = JobBoard;
			productReference = F24648EC29901FE70075C14F /* JobBoard.app */;
			productType = "com.apple.product-type.application";
		};
/* End PBXNativeTarget section */

/* Begin PBXProject section */
		F24648E429901FE70075C14F /* Project object */ = {
			isa = PBXProject;
			attributes = {
				BuildIndependentTargetsInParallel = 1;
				LastSwiftUpdateCheck = 1420;
				LastUpgradeCheck = 1420;
				TargetAttributes = {
					F24648EB29901FE70075C14F = {
						CreatedOnToolsVersion = 14.2;
					};
				};
			};
			buildConfigurationList = F24648E729901FE70075C14F /* Build configuration list for PBXProject "JobBoard" */;
			compatibilityVersion = "Xcode 14.0";
			developmentRegion = en;
			hasScannedForEncodings = 0;
			knownRegions = (
				en,
				Base,
			);
			mainGroup = F24648E329901FE70075C14F;
			packageReferences = (
				F2464917299024E00075C14F /* XCRemoteSwiftPackageReference "socket" */,
			);
			productRefGroup = F24648ED29901FE70075C14F /* Products */;
			projectDirPath = "";
			projectRoot = "";
			targets = (
				F24648EB29901FE70075C14F /* JobBoard */,
			);
		};
/* End PBXProject section */

/* Begin PBXResourcesBuildPhase section */
		F24648EA29901FE70075C14F /* Resources */ = {
			isa = PBXResourcesBuildPhase;
			buildActionMask = 2147483647;
			files = (
				F24648F729901FE90075C14F /* Preview Assets.xcassets in Resources */,
				F24648F429901FE90075C14F /* Assets.xcassets in Resources */,
			);
			runOnlyForDeploymentPostprocessing = 0;
		};
/* End PBXResourcesBuildPhase section */

/* Begin PBXSourcesBuildPhase section */
		F24648E829901FE70075C14F /* Sources */ = {
			isa = PBXSourcesBuildPhase;
			buildActionMask = 2147483647;
			files = (
				F24649042990204F0075C14F /* ProfileView.swift in Sources */,
				F24648FF299020130075C14F /* NetworkService.swift in Sources */,
				F203CBA02990DB8B0097AF64 /* ProfileForm.swift in Sources */,
				F2464908299020650075C14F /* RegisterView.swift in Sources */,
				F2464926299026340075C14F /* CompanyProfileView.swift in Sources */,
				F271343729917CE400D8633F /* JobCard.swift in Sources */,
				F271343B29922AFE00D8633F /* AcademicForm.swift in Sources */,
				F24649282990264F0075C14F /* ApplicantView.swift in Sources */,
				F24649062990205B0075C14F /* LoginView.swift in Sources */,
				F271343929917EBD00D8633F /* DetailView.swift in Sources */,
				F246490E299020890075C14F /* User.swift in Sources */,
				F2464912299022100075C14F /* MessageView.swift in Sources */,
				F2464920299025AC0075C14F /* JobForm.swift in Sources */,
				F27BFB8D29936C29009A55DF /* CompanyForm.swift in Sources */,
				F203CB9E2990D6200097AF64 /* NetworkModels.swift in Sources */,
				F246490A299020730075C14F /* Job.swift in Sources */,
				F2D2169C299112A5002A95F5 /* SocketService.swift in Sources */,
				F2464922299025B80075C14F /* ApplicationDetails.swift in Sources */,
				F24649102990209F0075C14F /* AuthPersistor.swift in Sources */,
				F24649142990221B0075C14F /* HomeView.swift in Sources */,
				F24648F029901FE70075C14F /* JobBoardApp.swift in Sources */,
				F271343529917B3C00D8633F /* ContentView.swift in Sources */,
				F246492A299026770075C14F /* AdvertiserProfileView.swift in Sources */,
				F246491E299025920075C14F /* ApplicationView.swift in Sources */,
				F2464916299024200075C14F /* JobApplication.swift in Sources */,
				F246490C2990207D0075C14F /* Company.swift in Sources */,
				F246491B299025630075C14F /* Message.swift in Sources */,
			);
			runOnlyForDeploymentPostprocessing = 0;
		};
/* End PBXSourcesBuildPhase section */

/* Begin XCBuildConfiguration section */
		F24648F829901FE90075C14F /* Debug */ = {
			isa = XCBuildConfiguration;
			buildSettings = {
				ALWAYS_SEARCH_USER_PATHS = NO;
				CLANG_ANALYZER_NONNULL = YES;
				CLANG_ANALYZER_NUMBER_OBJECT_CONVERSION = YES_AGGRESSIVE;
				CLANG_CXX_LANGUAGE_STANDARD = "gnu++20";
				CLANG_ENABLE_MODULES = YES;
				CLANG_ENABLE_OBJC_ARC = YES;
				CLANG_ENABLE_OBJC_WEAK = YES;
				CLANG_WARN_BLOCK_CAPTURE_AUTORELEASING = YES;
				CLANG_WARN_BOOL_CONVERSION = YES;
				CLANG_WARN_COMMA = YES;
				CLANG_WARN_CONSTANT_CONVERSION = YES;
				CLANG_WARN_DEPRECATED_OBJC_IMPLEMENTATIONS = YES;
				CLANG_WARN_DIRECT_OBJC_ISA_USAGE = YES_ERROR;
				CLANG_WARN_DOCUMENTATION_COMMENTS = YES;
				CLANG_WARN_EMPTY_BODY = YES;
				CLANG_WARN_ENUM_CONVERSION = YES;
				CLANG_WARN_INFINITE_RECURSION = YES;
				CLANG_WARN_INT_CONVERSION = YES;
				CLANG_WARN_NON_LITERAL_NULL_CONVERSION = YES;
				CLANG_WARN_OBJC_IMPLICIT_RETAIN_SELF = YES;
				CLANG_WARN_OBJC_LITERAL_CONVERSION = YES;
				CLANG_WARN_OBJC_ROOT_CLASS = YES_ERROR;
				CLANG_WARN_QUOTED_INCLUDE_IN_FRAMEWORK_HEADER = YES;
				CLANG_WARN_RANGE_LOOP_ANALYSIS = YES;
				CLANG_WARN_STRICT_PROTOTYPES = YES;
				CLANG_WARN_SUSPICIOUS_MOVE = YES;
				CLANG_WARN_UNGUARDED_AVAILABILITY = YES_AGGRESSIVE;
				CLANG_WARN_UNREACHABLE_CODE = YES;
				CLANG_WARN__DUPLICATE_METHOD_MATCH = YES;
				COPY_PHASE_STRIP = NO;
				DEBUG_INFORMATION_FORMAT = dwarf;
				ENABLE_STRICT_OBJC_MSGSEND = YES;
				ENABLE_TESTABILITY = YES;
				GCC_C_LANGUAGE_STANDARD = gnu11;
				GCC_DYNAMIC_NO_PIC = NO;
				GCC_NO_COMMON_BLOCKS = YES;
				GCC_OPTIMIZATION_LEVEL = 0;
				GCC_PREPROCESSOR_DEFINITIONS = (
					"DEBUG=1",
					"$(inherited)",
				);
				GCC_WARN_64_TO_32_BIT_CONVERSION = YES;
				GCC_WARN_ABOUT_RETURN_TYPE = YES_ERROR;
				GCC_WARN_UNDECLARED_SELECTOR = YES;
				GCC_WARN_UNINITIALIZED_AUTOS = YES_AGGRESSIVE;
				GCC_WARN_UNUSED_FUNCTION = YES;
				GCC_WARN_UNUSED_VARIABLE = YES;
				IPHONEOS_DEPLOYMENT_TARGET = 16.2;
				MTL_ENABLE_DEBUG_INFO = INCLUDE_SOURCE;
				MTL_FAST_MATH = YES;
				ONLY_ACTIVE_ARCH = YES;
				SDKROOT = iphoneos;
				SWIFT_ACTIVE_COMPILATION_CONDITIONS = DEBUG;
				SWIFT_OPTIMIZATION_LEVEL = "-Onone";
			};
			name = Debug;
		};
		F24648F929901FE90075C14F /* Release */ = {
			isa = XCBuildConfiguration;
			buildSettings = {
				ALWAYS_SEARCH_USER_PATHS = NO;
				CLANG_ANALYZER_NONNULL = YES;
				CLANG_ANALYZER_NUMBER_OBJECT_CONVERSION = YES_AGGRESSIVE;
				CLANG_CXX_LANGUAGE_STANDARD = "gnu++20";
				CLANG_ENABLE_MODULES = YES;
				CLANG_ENABLE_OBJC_ARC = YES;
				CLANG_ENABLE_OBJC_WEAK = YES;
				CLANG_WARN_BLOCK_CAPTURE_AUTORELEASING = YES;
				CLANG_WARN_BOOL_CONVERSION = YES;
				CLANG_WARN_COMMA = YES;
				CLANG_WARN_CONSTANT_CONVERSION = YES;
				CLANG_WARN_DEPRECATED_OBJC_IMPLEMENTATIONS = YES;
				CLANG_WARN_DIRECT_OBJC_ISA_USAGE = YES_ERROR;
				CLANG_WARN_DOCUMENTATION_COMMENTS = YES;
				CLANG_WARN_EMPTY_BODY = YES;
				CLANG_WARN_ENUM_CONVERSION = YES;
				CLANG_WARN_INFINITE_RECURSION = YES;
				CLANG_WARN_INT_CONVERSION = YES;
				CLANG_WARN_NON_LITERAL_NULL_CONVERSION = YES;
				CLANG_WARN_OBJC_IMPLICIT_RETAIN_SELF = YES;
				CLANG_WARN_OBJC_LITERAL_CONVERSION = YES;
				CLANG_WARN_OBJC_ROOT_CLASS = YES_ERROR;
				CLANG_WARN_QUOTED_INCLUDE_IN_FRAMEWORK_HEADER = YES;
				CLANG_WARN_RANGE_LOOP_ANALYSIS = YES;
				CLANG_WARN_STRICT_PROTOTYPES = YES;
				CLANG_WARN_SUSPICIOUS_MOVE = YES;
				CLANG_WARN_UNGUARDED_AVAILABILITY = YES_AGGRESSIVE;
				CLANG_WARN_UNREACHABLE_CODE = YES;
				CLANG_WARN__DUPLICATE_METHOD_MATCH = YES;
				COPY_PHASE_STRIP = NO;
				DEBUG_INFORMATION_FORMAT = "dwarf-with-dsym";
				ENABLE_NS_ASSERTIONS = NO;
				ENABLE_STRICT_OBJC_MSGSEND = YES;
				GCC_C_LANGUAGE_STANDARD = gnu11;
				GCC_NO_COMMON_BLOCKS = YES;
				GCC_WARN_64_TO_32_BIT_CONVERSION = YES;
				GCC_WARN_ABOUT_RETURN_TYPE = YES_ERROR;
				GCC_WARN_UNDECLARED_SELECTOR = YES;
				GCC_WARN_UNINITIALIZED_AUTOS = YES_AGGRESSIVE;
				GCC_WARN_UNUSED_FUNCTION = YES;
				GCC_WARN_UNUSED_VARIABLE = YES;
				IPHONEOS_DEPLOYMENT_TARGET = 16.2;
				MTL_ENABLE_DEBUG_INFO = NO;
				MTL_FAST_MATH = YES;
				SDKROOT = iphoneos;
				SWIFT_COMPILATION_MODE = wholemodule;
				SWIFT_OPTIMIZATION_LEVEL = "-O";
				VALIDATE_PRODUCT = YES;
			};
			name = Release;
		};
		F24648FB29901FE90075C14F /* Debug */ = {
			isa = XCBuildConfiguration;
			buildSettings = {
				ASSETCATALOG_COMPILER_APPICON_NAME = AppIcon;
				ASSETCATALOG_COMPILER_GLOBAL_ACCENT_COLOR_NAME = AccentColor;
				CODE_SIGN_STYLE = Automatic;
				CURRENT_PROJECT_VERSION = 1;
				DEVELOPMENT_ASSET_PATHS = "\"JobBoard/Preview Content\"";
				ENABLE_PREVIEWS = YES;
				GENERATE_INFOPLIST_FILE = YES;
				INFOPLIST_KEY_UIApplicationSceneManifest_Generation = YES;
				INFOPLIST_KEY_UIApplicationSupportsIndirectInputEvents = YES;
				INFOPLIST_KEY_UILaunchScreen_Generation = YES;
				INFOPLIST_KEY_UISupportedInterfaceOrientations_iPad = "UIInterfaceOrientationPortrait UIInterfaceOrientationPortraitUpsideDown UIInterfaceOrientationLandscapeLeft UIInterfaceOrientationLandscapeRight";
				INFOPLIST_KEY_UISupportedInterfaceOrientations_iPhone = "UIInterfaceOrientationPortrait UIInterfaceOrientationLandscapeLeft UIInterfaceOrientationLandscapeRight";
				LD_RUNPATH_SEARCH_PATHS = (
					"$(inherited)",
					"@executable_path/Frameworks",
				);
				MARKETING_VERSION = 1.0;
				PRODUCT_BUNDLE_IDENTIFIER = com.naylan.JobBoard;
				PRODUCT_NAME = "$(TARGET_NAME)";
				SWIFT_EMIT_LOC_STRINGS = YES;
				SWIFT_VERSION = 5.0;
				TARGETED_DEVICE_FAMILY = "1,2";
			};
			name = Debug;
		};
		F24648FC29901FE90075C14F /* Release */ = {
			isa = XCBuildConfiguration;
			buildSettings = {
				ASSETCATALOG_COMPILER_APPICON_NAME = AppIcon;
				ASSETCATALOG_COMPILER_GLOBAL_ACCENT_COLOR_NAME = AccentColor;
				CODE_SIGN_STYLE = Automatic;
				CURRENT_PROJECT_VERSION = 1;
				DEVELOPMENT_ASSET_PATHS = "\"JobBoard/Preview Content\"";
				ENABLE_PREVIEWS = YES;
				GENERATE_INFOPLIST_FILE = YES;
				INFOPLIST_KEY_UIApplicationSceneManifest_Generation = YES;
				INFOPLIST_KEY_UIApplicationSupportsIndirectInputEvents = YES;
				INFOPLIST_KEY_UILaunchScreen_Generation = YES;
				INFOPLIST_KEY_UISupportedInterfaceOrientations_iPad = "UIInterfaceOrientationPortrait UIInterfaceOrientationPortraitUpsideDown UIInterfaceOrientationLandscapeLeft UIInterfaceOrientationLandscapeRight";
				INFOPLIST_KEY_UISupportedInterfaceOrientations_iPhone = "UIInterfaceOrientationPortrait UIInterfaceOrientationLandscapeLeft UIInterfaceOrientationLandscapeRight";
				LD_RUNPATH_SEARCH_PATHS = (
					"$(inherited)",
					"@executable_path/Frameworks",
				);
				MARKETING_VERSION = 1.0;
				PRODUCT_BUNDLE_IDENTIFIER = com.naylan.JobBoard;
				PRODUCT_NAME = "$(TARGET_NAME)";
				SWIFT_EMIT_LOC_STRINGS = YES;
				SWIFT_VERSION = 5.0;
				TARGETED_DEVICE_FAMILY = "1,2";
			};
			name = Release;
		};
/* End XCBuildConfiguration section */

/* Begin XCConfigurationList section */
		F24648E729901FE70075C14F /* Build configuration list for PBXProject "JobBoard" */ = {
			isa = XCConfigurationList;
			buildConfigurations = (
				F24648F829901FE90075C14F /* Debug */,
				F24648F929901FE90075C14F /* Release */,
			);
			defaultConfigurationIsVisible = 0;
			defaultConfigurationName = Release;
		};
		F24648FA29901FE90075C14F /* Build configuration list for PBXNativeTarget "JobBoard" */ = {
			isa = XCConfigurationList;
			buildConfigurations = (
				F24648FB29901FE90075C14F /* Debug */,
				F24648FC29901FE90075C14F /* Release */,
			);
			defaultConfigurationIsVisible = 0;
			defaultConfigurationName = Release;
		};
/* End XCConfigurationList section */

/* Begin XCRemoteSwiftPackageReference section */
		F2464917299024E00075C14F /* XCRemoteSwiftPackageReference "socket" */ = {
			isa = XCRemoteSwiftPackageReference;
			repositoryURL = "https://github.com/socketio/socket.io-client-swift";
			requirement = {
				branch = master;
				kind = branch;
			};
		};
/* End XCRemoteSwiftPackageReference section */

/* Begin XCSwiftPackageProductDependency section */
		F2464918299024E00075C14F /* SocketIO */ = {
			isa = XCSwiftPackageProductDependency;
			package = F2464917299024E00075C14F /* XCRemoteSwiftPackageReference "socket" */;
			productName = SocketIO;
		};
/* End XCSwiftPackageProductDependency section */
	};
	rootObject = F24648E429901FE70075C14F /* Project object */;
}
